
Microsoft Visual Studio Solution File, Format Version 11.00
# Visual Studio 2010
Project("{D2ABAB84-BF74-430A-B69E-9DC6D40DDA17}") = "CUBO_CAFE", "CUBO_CAFE\CUBO_CAFE.dwproj", "{C7311C34-3925-45A9-8A1D-6C23CB697F89}"
EndProject
Global
	GlobalSection(SolutionConfigurationPlatforms) = preSolution
		Development|Default = Development|Default
	EndGlobalSection
	GlobalSection(ProjectConfigurationPlatforms) = postSolution
		{C7311C34-3925-45A9-8A1D-6C23CB697F89}.Development|Default.ActiveCfg = Development
		{C7311C34-3925-45A9-8A1D-6C23CB697F89}.Development|Default.Build.0 = Development
		{C7311C34-3925-45A9-8A1D-6C23CB697F89}.Development|Default.Deploy.0 = Development
	EndGlobalSection
	GlobalSection(SolutionProperties) = preSolution
		HideSolutionNode = FALSE
	EndGlobalSection
EndGlobal
