
Microsoft Visual Studio Solution File, Format Version 11.00
# Visual Studio 2010
Project("{D2ABAB84-BF74-430A-B69E-9DC6D40DDA17}") = "P1Cubo_ventas_walmart_CE1", "P1Cubo_ventas_walmart_CE1\P1Cubo_ventas_walmart_CE1.dwproj", "{D05062CD-D001-42AC-AC9C-76ACB24A5E61}"
EndProject
Global
	GlobalSection(SolutionConfigurationPlatforms) = preSolution
		Development|Default = Development|Default
	EndGlobalSection
	GlobalSection(ProjectConfigurationPlatforms) = postSolution
		{D05062CD-D001-42AC-AC9C-76ACB24A5E61}.Development|Default.ActiveCfg = Development
		{D05062CD-D001-42AC-AC9C-76ACB24A5E61}.Development|Default.Build.0 = Development
		{D05062CD-D001-42AC-AC9C-76ACB24A5E61}.Development|Default.Deploy.0 = Development
	EndGlobalSection
	GlobalSection(SolutionProperties) = preSolution
		HideSolutionNode = FALSE
	EndGlobalSection
EndGlobal
